
Microsoft Visual Studio Solution File, Format Version 12.00
Project("{FAE04EC0-301F-11D3-BF4B-00C04F79EFBC}") = "CleanAspCore", "CleanAspCore\CleanAspCore.csproj", "{A982548C-BE87-4471-B031-A3FCF09F0C70}"
EndProject
Project("{2150E333-8FDC-42A3-9474-1A3956D46DE8}") = "SolutionItems", "SolutionItems", "{3CFBE58F-AACF-4201-A0B8-7A2BD7B36D7B}"
	ProjectSection(SolutionItems) = preProject
		docker-compose.yaml = docker-compose.yaml
		Dockerfile = Dockerfile
		.editorconfig = .editorconfig
		.gitattributes = .gitattributes
		.gitignore = .gitignore
		Directory.Build.props = Directory.Build.props
		global.json = global.json
		Readme.md = Readme.md
		.github\workflows\dotnet.yml = .github\workflows\dotnet.yml
	EndProjectSection
EndProject
Project("{FAE04EC0-301F-11D3-BF4B-00C04F79EFBC}") = "CleanAspCore.Api.Tests", "CleanAspCore.Api.Tests\CleanAspCore.Api.Tests.csproj", "{4B45D679-E787-4236-BD9A-383364CD0E6F}"
EndProject
Project("{FAE04EC0-301F-11D3-BF4B-00C04F79EFBC}") = "CleanAspCore.Api.TestDataGenerator", "CleanAspCore.Api.TestDataGenerator\CleanAspCore.Api.TestDataGenerator.csproj", "{308E3484-E719-474C-95F5-4094D27204E5}"
EndProject
Project("{FAE04EC0-301F-11D3-BF4B-00C04F79EFBC}") = "CleanAspCore.Api.TestUtils", "CleanAspCore.Api.TestUtils\CleanAspCore.Api.TestUtils.csproj", "{78777B6E-16FC-4502-8943-0D5CEC91CC32}"
EndProject
Global
	GlobalSection(SolutionConfigurationPlatforms) = preSolution
		Debug|Any CPU = Debug|Any CPU
		Release|Any CPU = Release|Any CPU
	EndGlobalSection
	GlobalSection(ProjectConfigurationPlatforms) = postSolution
		{A982548C-BE87-4471-B031-A3FCF09F0C70}.Debug|Any CPU.ActiveCfg = Debug|Any CPU
		{A982548C-BE87-4471-B031-A3FCF09F0C70}.Debug|Any CPU.Build.0 = Debug|Any CPU
		{A982548C-BE87-4471-B031-A3FCF09F0C70}.Release|Any CPU.ActiveCfg = Release|Any CPU
		{A982548C-BE87-4471-B031-A3FCF09F0C70}.Release|Any CPU.Build.0 = Release|Any CPU
		{4B45D679-E787-4236-BD9A-383364CD0E6F}.Debug|Any CPU.ActiveCfg = Debug|Any CPU
		{4B45D679-E787-4236-BD9A-383364CD0E6F}.Debug|Any CPU.Build.0 = Debug|Any CPU
		{4B45D679-E787-4236-BD9A-383364CD0E6F}.Release|Any CPU.ActiveCfg = Release|Any CPU
		{4B45D679-E787-4236-BD9A-383364CD0E6F}.Release|Any CPU.Build.0 = Release|Any CPU
		{308E3484-E719-474C-95F5-4094D27204E5}.Debug|Any CPU.ActiveCfg = Debug|Any CPU
		{308E3484-E719-474C-95F5-4094D27204E5}.Debug|Any CPU.Build.0 = Debug|Any CPU
		{308E3484-E719-474C-95F5-4094D27204E5}.Release|Any CPU.ActiveCfg = Release|Any CPU
		{308E3484-E719-474C-95F5-4094D27204E5}.Release|Any CPU.Build.0 = Release|Any CPU
		{78777B6E-16FC-4502-8943-0D5CEC91CC32}.Debug|Any CPU.ActiveCfg = Debug|Any CPU
		{78777B6E-16FC-4502-8943-0D5CEC91CC32}.Debug|Any CPU.Build.0 = Debug|Any CPU
		{78777B6E-16FC-4502-8943-0D5CEC91CC32}.Release|Any CPU.ActiveCfg = Release|Any CPU
		{78777B6E-16FC-4502-8943-0D5CEC91CC32}.Release|Any CPU.Build.0 = Release|Any CPU
	EndGlobalSection
EndGlobal
